
Microsoft Visual Studio Solution File, Format Version 12.00
Project("{FAE04EC0-301F-11D3-BF4B-00C04F79EFBC}") = "FluentBlazorRouter.Test", "FluentBlazorRouter.Test\FluentBlazorRouter.Test.csproj", "{C32D5A47-522E-48C1-8AA8-D300F39E4014}"
EndProject
Project("{FAE04EC0-301F-11D3-BF4B-00C04F79EFBC}") = "FluentBlazorRouter", "FluentBlazorRouter\FluentBlazorRouter.csproj", "{ED29EDEF-7DB5-48C8-ADCA-602AA26C91CA}"
EndProject
Global
	GlobalSection(SolutionConfigurationPlatforms) = preSolution
		Debug|Any CPU = Debug|Any CPU
		Release|Any CPU = Release|Any CPU
	EndGlobalSection
	GlobalSection(ProjectConfigurationPlatforms) = postSolution
		{C32D5A47-522E-48C1-8AA8-D300F39E4014}.Debug|Any CPU.ActiveCfg = Debug|Any CPU
		{C32D5A47-522E-48C1-8AA8-D300F39E4014}.Debug|Any CPU.Build.0 = Debug|Any CPU
		{C32D5A47-522E-48C1-8AA8-D300F39E4014}.Release|Any CPU.ActiveCfg = Release|Any CPU
		{C32D5A47-522E-48C1-8AA8-D300F39E4014}.Release|Any CPU.Build.0 = Release|Any CPU
		{ED29EDEF-7DB5-48C8-ADCA-602AA26C91CA}.Debug|Any CPU.ActiveCfg = Debug|Any CPU
		{ED29EDEF-7DB5-48C8-ADCA-602AA26C91CA}.Debug|Any CPU.Build.0 = Debug|Any CPU
		{ED29EDEF-7DB5-48C8-ADCA-602AA26C91CA}.Release|Any CPU.ActiveCfg = Release|Any CPU
		{ED29EDEF-7DB5-48C8-ADCA-602AA26C91CA}.Release|Any CPU.Build.0 = Release|Any CPU
	EndGlobalSection
EndGlobal
